// !$*UTF8*$!
{
	archiveVersion = 1;
	classes = {
	};
	objectVersion = 46;
	objects = {

/* Begin PBXBuildFile section */
		635EDB451AAA1EB90054E885 /* PlaySoundsViewController.swift in Sources */ = {isa = PBXBuildFile; fileRef = 635EDB441AAA1EB90054E885 /* PlaySoundsViewController.swift */; };
		635EDB471AAA24040054E885 /* movie_quote.mp3 in Resources */ = {isa = PBXBuildFile; fileRef = 635EDB461AAA24040054E885 /* movie_quote.mp3 */; };
		6390A1991AA7818C00DD68FE /* AppDelegate.swift in Sources */ = {isa = PBXBuildFile; fileRef = 6390A1981AA7818C00DD68FE /* AppDelegate.swift */; };
		6390A19B1AA7818C00DD68FE /* RecordSoundsController.swift in Sources */ = {isa = PBXBuildFile; fileRef = 6390A19A1AA7818C00DD68FE /* RecordSoundsController.swift */; };
		6390A19E1AA7818C00DD68FE /* Main.storyboard in Resources */ = {isa = PBXBuildFile; fileRef = 6390A19C1AA7818C00DD68FE /* Main.storyboard */; };
		6390A1A01AA7818C00DD68FE /* Images.xcassets in Resources */ = {isa = PBXBuildFile; fileRef = 6390A19F1AA7818C00DD68FE /* Images.xcassets */; };
		6390A1A31AA7818C00DD68FE /* LaunchScreen.xib in Resources */ = {isa = PBXBuildFile; fileRef = 6390A1A11AA7818C00DD68FE /* LaunchScreen.xib */; };
		6390A1AF1AA7818C00DD68FE /* Pitch_PerfectTests.swift in Sources */ = {isa = PBXBuildFile; fileRef = 6390A1AE1AA7818C00DD68FE /* Pitch_PerfectTests.swift */; };
		63913D011AAA685300535C9D /* RecordedAudio.swift in Sources */ = {isa = PBXBuildFile; fileRef = 63913D001AAA685300535C9D /* RecordedAudio.swift */; };
/* End PBXBuildFile section */

/* Begin PBXContainerItemProxy section */
		6390A1A91AA7818C00DD68FE /* PBXContainerItemProxy */ = {
			isa = PBXContainerItemProxy;
			containerPortal = 6390A18B1AA7818C00DD68FE /* Project object */;
			proxyType = 1;
			remoteGlobalIDString = 6390A1921AA7818C00DD68FE;
			remoteInfo = "Pitch-Perfect";
		};
/* End PBXContainerItemProxy section */

/* Begin PBXFileReference section */
		635EDB441AAA1EB90054E885 /* PlaySoundsViewController.swift */ = {isa = PBXFileReference; fileEncoding = 4; lastKnownFileType = sourcecode.swift; path = PlaySoundsViewController.swift; sourceTree = "<group>"; };
		635EDB461AAA24040054E885 /* movie_quote.mp3 */ = {isa = PBXFileReference; lastKnownFileType = audio.mp3; path = movie_quote.mp3; sourceTree = "<group>"; };
		6390A1931AA7818C00DD68FE /* Pitch-Perfect.app */ = {isa = PBXFileReference; explicitFileType = wrapper.application; includeInIndex = 0; path = "Pitch-Perfect.app"; sourceTree = BUILT_PRODUCTS_DIR; };
		6390A1971AA7818C00DD68FE /* Info.plist */ = {isa = PBXFileReference; lastKnownFileType = text.plist.xml; path = Info.plist; sourceTree = "<group>"; };
		6390A1981AA7818C00DD68FE /* AppDelegate.swift */ = {isa = PBXFileReference; lastKnownFileType = sourcecode.swift; path = AppDelegate.swift; sourceTree = "<group>"; };
		6390A19A1AA7818C00DD68FE /* RecordSoundsController.swift */ = {isa = PBXFileReference; lastKnownFileType = sourcecode.swift; path = RecordSoundsController.swift; sourceTree = "<group>"; };
		6390A19D1AA7818C00DD68FE /* Base */ = {isa = PBXFileReference; lastKnownFileType = file.storyboard; name = Base; path = Base.lproj/Main.storyboard; sourceTree = "<group>"; };
		6390A19F1AA7818C00DD68FE /* Images.xcassets */ = {isa = PBXFileReference; lastKnownFileType = folder.assetcatalog; path = Images.xcassets; sourceTree = "<group>"; };
		6390A1A21AA7818C00DD68FE /* Base */ = {isa = PBXFileReference; lastKnownFileType = file.xib; name = Base; path = Base.lproj/LaunchScreen.xib; sourceTree = "<group>"; };
		6390A1A81AA7818C00DD68FE /* Pitch-PerfectTests.xctest */ = {isa = PBXFileReference; explicitFileType = wrapper.cfbundle; includeInIndex = 0; path = "Pitch-PerfectTests.xctest"; sourceTree = BUILT_PRODUCTS_DIR; };
		6390A1AD1AA7818C00DD68FE /* Info.plist */ = {isa = PBXFileReference; lastKnownFileType = text.plist.xml; path = Info.plist; sourceTree = "<group>"; };
		6390A1AE1AA7818C00DD68FE /* Pitch_PerfectTests.swift */ = {isa = PBXFileReference; lastKnownFileType = sourcecode.swift; path = Pitch_PerfectTests.swift; sourceTree = "<group>"; };
		63913D001AAA685300535C9D /* RecordedAudio.swift */ = {isa = PBXFileReference; fileEncoding = 4; lastKnownFileType = sourcecode.swift; path = RecordedAudio.swift; sourceTree = "<group>"; };
/* End PBXFileReference section */

/* Begin PBXFrameworksBuildPhase section */
		6390A1901AA7818C00DD68FE /* Frameworks */ = {
			isa = PBXFrameworksBuildPhase;
			buildActionMask = 2147483647;
			files = (
			);
			runOnlyForDeploymentPostprocessing = 0;
		};
		6390A1A51AA7818C00DD68FE /* Frameworks */ = {
			isa = PBXFrameworksBuildPhase;
			buildActionMask = 2147483647;
			files = (
			);
			runOnlyForDeploymentPostprocessing = 0;
		};
/* End PBXFrameworksBuildPhase section */

/* Begin PBXGroup section */
		6390A18A1AA7818C00DD68FE = {
			isa = PBXGroup;
			children = (
				6390A1951AA7818C00DD68FE /* Pitch-Perfect */,
				6390A1AB1AA7818C00DD68FE /* Pitch-PerfectTests */,
				6390A1941AA7818C00DD68FE /* Products */,
			);
			sourceTree = "<group>";
		};
		6390A1941AA7818C00DD68FE /* Products */ = {
			isa = PBXGroup;
			children = (
				6390A1931AA7818C00DD68FE /* Pitch-Perfect.app */,
				6390A1A81AA7818C00DD68FE /* Pitch-PerfectTests.xctest */,
			);
			name = Products;
			sourceTree = "<group>";
		};
		6390A1951AA7818C00DD68FE /* Pitch-Perfect */ = {
			isa = PBXGroup;
			children = (
				6390A1981AA7818C00DD68FE /* AppDelegate.swift */,
				63913D001AAA685300535C9D /* RecordedAudio.swift */,
				6390A19A1AA7818C00DD68FE /* RecordSoundsController.swift */,
				635EDB441AAA1EB90054E885 /* PlaySoundsViewController.swift */,
				6390A19C1AA7818C00DD68FE /* Main.storyboard */,
				6390A19F1AA7818C00DD68FE /* Images.xcassets */,
				6390A1A11AA7818C00DD68FE /* LaunchScreen.xib */,
				6390A1961AA7818C00DD68FE /* Supporting Files */,
			);
			path = "Pitch-Perfect";
			sourceTree = "<group>";
		};
		6390A1961AA7818C00DD68FE /* Supporting Files */ = {
			isa = PBXGroup;
			children = (
				635EDB461AAA24040054E885 /* movie_quote.mp3 */,
				6390A1971AA7818C00DD68FE /* Info.plist */,
			);
			name = "Supporting Files";
			sourceTree = "<group>";
		};
		6390A1AB1AA7818C00DD68FE /* Pitch-PerfectTests */ = {
			isa = PBXGroup;
			children = (
				6390A1AE1AA7818C00DD68FE /* Pitch_PerfectTests.swift */,
				6390A1AC1AA7818C00DD68FE /* Supporting Files */,
			);
			path = "Pitch-PerfectTests";
			sourceTree = "<group>";
		};
		6390A1AC1AA7818C00DD68FE /* Supporting Files */ = {
			isa = PBXGroup;
			children = (
				6390A1AD1AA7818C00DD68FE /* Info.plist */,
			);
			name = "Supporting Files";
			sourceTree = "<group>";
		};
/* End PBXGroup section */

/* Begin PBXNativeTarget section */
		6390A1921AA7818C00DD68FE /* Pitch-Perfect */ = {
			isa = PBXNativeTarget;
			buildConfigurationList = 6390A1B21AA7818C00DD68FE /* Build configuration list for PBXNativeTarget "Pitch-Perfect" */;
			buildPhases = (
				6390A18F1AA7818C00DD68FE /* Sources */,
				6390A1901AA7818C00DD68FE /* Frameworks */,
				6390A1911AA7818C00DD68FE /* Resources */,
			);
			buildRules = (
			);
			dependencies = (
			);
			name = "Pitch-Perfect";
			productName = "Pitch-Perfect";
			productReference = 6390A1931AA7818C00DD68FE /* Pitch-Perfect.app */;
			productType = "com.apple.product-type.application";
		};
		6390A1A71AA7818C00DD68FE /* Pitch-PerfectTests */ = {
			isa = PBXNativeTarget;
			buildConfigurationList = 6390A1B51AA7818C00DD68FE /* Build configuration list for PBXNativeTarget "Pitch-PerfectTests" */;
			buildPhases = (
				6390A1A41AA7818C00DD68FE /* Sources */,
				6390A1A51AA7818C00DD68FE /* Frameworks */,
				6390A1A61AA7818C00DD68FE /* Resources */,
			);
			buildRules = (
			);
			dependencies = (
				6390A1AA1AA7818C00DD68FE /* PBXTargetDependency */,
			);
			name = "Pitch-PerfectTests";
			productName = "Pitch-PerfectTests";
			productReference = 6390A1A81AA7818C00DD68FE /* Pitch-PerfectTests.xctest */;
			productType = "com.apple.product-type.bundle.unit-test";
		};
/* End PBXNativeTarget section */

/* Begin PBXProject section */
		6390A18B1AA7818C00DD68FE /* Project object */ = {
			isa = PBXProject;
			attributes = {
				LastUpgradeCheck = 0610;
				ORGANIZATIONNAME = "David Fry";
				TargetAttributes = {
					6390A1921AA7818C00DD68FE = {
						CreatedOnToolsVersion = 6.1.1;
					};
					6390A1A71AA7818C00DD68FE = {
						CreatedOnToolsVersion = 6.1.1;
						TestTargetID = 6390A1921AA7818C00DD68FE;
					};
				};
			};
			buildConfigurationList = 6390A18E1AA7818C00DD68FE /* Build configuration list for PBXProject "Pitch-Perfect" */;
			compatibilityVersion = "Xcode 3.2";
			developmentRegion = English;
			hasScannedForEncodings = 0;
			knownRegions = (
				en,
				Base,
			);
			mainGroup = 6390A18A1AA7818C00DD68FE;
			productRefGroup = 6390A1941AA7818C00DD68FE /* Products */;
			projectDirPath = "";
			projectRoot = "";
			targets = (
				6390A1921AA7818C00DD68FE /* Pitch-Perfect */,
				6390A1A71AA7818C00DD68FE /* Pitch-PerfectTests */,
			);
		};
/* End PBXProject section */

/* Begin PBXResourcesBuildPhase section */
		6390A1911AA7818C00DD68FE /* Resources */ = {
			isa = PBXResourcesBuildPhase;
			buildActionMask = 2147483647;
			files = (
				6390A19E1AA7818C00DD68FE /* Main.storyboard in Resources */,
				6390A1A31AA7818C00DD68FE /* LaunchScreen.xib in Resources */,
				635EDB471AAA24040054E885 /* movie_quote.mp3 in Resources */,
				6390A1A01AA7818C00DD68FE /* Images.xcassets in Resources */,
			);
			runOnlyForDeploymentPostprocessing = 0;
		};
		6390A1A61AA7818C00DD68FE /* Resources */ = {
			isa = PBXResourcesBuildPhase;
			buildActionMask = 2147483647;
			files = (
			);
			runOnlyForDeploymentPostprocessing = 0;
		};
/* End PBXResourcesBuildPhase section */

/* Begin PBXSourcesBuildPhase section */
		6390A18F1AA7818C00DD68FE /* Sources */ = {
			isa = PBXSourcesBuildPhase;
			buildActionMask = 2147483647;
			files = (
				63913D011AAA685300535C9D /* RecordedAudio.swift in Sources */,
				6390A19B1AA7818C00DD68FE /* RecordSoundsController.swift in Sources */,
				635EDB451AAA1EB90054E885 /* PlaySoundsViewController.swift in Sources */,
				6390A1991AA7818C00DD68FE /* AppDelegate.swift in Sources */,
			);
			runOnlyForDeploymentPostprocessing = 0;
		};
		6390A1A41AA7818C00DD68FE /* Sources */ = {
			isa = PBXSourcesBuildPhase;
			buildActionMask = 2147483647;
			files = (
				6390A1AF1AA7818C00DD68FE /* Pitch_PerfectTests.swift in Sources */,
			);
			runOnlyForDeploymentPostprocessing = 0;
		};
/* End PBXSourcesBuildPhase section */

/* Begin PBXTargetDependency section */
		6390A1AA1AA7818C00DD68FE /* PBXTargetDependency */ = {
			isa = PBXTargetDependency;
			target = 6390A1921AA7818C00DD68FE /* Pitch-Perfect */;
			targetProxy = 6390A1A91AA7818C00DD68FE /* PBXContainerItemProxy */;
		};
/* End PBXTargetDependency section */

/* Begin PBXVariantGroup section */
		6390A19C1AA7818C00DD68FE /* Main.storyboard */ = {
			isa = PBXVariantGroup;
			children = (
				6390A19D1AA7818C00DD68FE /* Base */,
			);
			name = Main.storyboard;
			sourceTree = "<group>";
		};
		6390A1A11AA7818C00DD68FE /* LaunchScreen.xib */ = {
			isa = PBXVariantGroup;
			children = (
				6390A1A21AA7818C00DD68FE /* Base */,
			);
			name = LaunchScreen.xib;
			sourceTree = "<group>";
		};
/* End PBXVariantGroup section */

/* Begin XCBuildConfiguration section */
		6390A1B01AA7818C00DD68FE /* Debug */ = {
			isa = XCBuildConfiguration;
			buildSettings = {
				ALWAYS_SEARCH_USER_PATHS = NO;
				CLANG_CXX_LANGUAGE_STANDARD = "gnu++0x";
				CLANG_CXX_LIBRARY = "libc++";
				CLANG_ENABLE_MODULES = YES;
				CLANG_ENABLE_OBJC_ARC = YES;
				CLANG_WARN_BOOL_CONVERSION = YES;
				CLANG_WARN_CONSTANT_CONVERSION = YES;
				CLANG_WARN_DIRECT_OBJC_ISA_USAGE = YES_ERROR;
				CLANG_WARN_EMPTY_BODY = YES;
				CLANG_WARN_ENUM_CONVERSION = YES;
				CLANG_WARN_INT_CONVERSION = YES;
				CLANG_WARN_OBJC_ROOT_CLASS = YES_ERROR;
				CLANG_WARN_UNREACHABLE_CODE = YES;
				CLANG_WARN__DUPLICATE_METHOD_MATCH = YES;
				"CODE_SIGN_IDENTITY[sdk=iphoneos*]" = "iPhone Developer";
				COPY_PHASE_STRIP = NO;
				ENABLE_STRICT_OBJC_MSGSEND = YES;
				GCC_C_LANGUAGE_STANDARD = gnu99;
				GCC_DYNAMIC_NO_PIC = NO;
				GCC_OPTIMIZATION_LEVEL = 0;
				GCC_PREPROCESSOR_DEFINITIONS = (
					"DEBUG=1",
					"$(inherited)",
				);
				GCC_SYMBOLS_PRIVATE_EXTERN = NO;
				GCC_WARN_64_TO_32_BIT_CONVERSION = YES;
				GCC_WARN_ABOUT_RETURN_TYPE = YES_ERROR;
				GCC_WARN_UNDECLARED_SELECTOR = YES;
				GCC_WARN_UNINITIALIZED_AUTOS = YES_AGGRESSIVE;
				GCC_WARN_UNUSED_FUNCTION = YES;
				GCC_WARN_UNUSED_VARIABLE = YES;
				IPHONEOS_DEPLOYMENT_TARGET = 8.1;
				MTL_ENABLE_DEBUG_INFO = YES;
				ONLY_ACTIVE_ARCH = YES;
				SDKROOT = iphoneos;
				SWIFT_OPTIMIZATION_LEVEL = "-Onone";
			};
			name = Debug;
		};
		6390A1B11AA7818C00DD68FE /* Release */ = {
			isa = XCBuildConfiguration;
			buildSettings = {
				ALWAYS_SEARCH_USER_PATHS = NO;
				CLANG_CXX_LANGUAGE_STANDARD = "gnu++0x";
				CLANG_CXX_LIBRARY = "libc++";
				CLANG_ENABLE_MODULES = YES;
				CLANG_ENABLE_OBJC_ARC = YES;
				CLANG_WARN_BOOL_CONVERSION = YES;
				CLANG_WARN_CONSTANT_CONVERSION = YES;
				CLANG_WARN_DIRECT_OBJC_ISA_USAGE = YES_ERROR;
				CLANG_WARN_EMPTY_BODY = YES;
				CLANG_WARN_ENUM_CONVERSION = YES;
				CLANG_WARN_INT_CONVERSION = YES;
				CLANG_WARN_OBJC_ROOT_CLASS = YES_ERROR;
				CLANG_WARN_UNREACHABLE_CODE = YES;
				CLANG_WARN__DUPLICATE_METHOD_MATCH = YES;
				"CODE_SIGN_IDENTITY[sdk=iphoneos*]" = "iPhone Developer";
				COPY_PHASE_STRIP = YES;
				ENABLE_NS_ASSERTIONS = NO;
				ENABLE_STRICT_OBJC_MSGSEND = YES;
				GCC_C_LANGUAGE_STANDARD = gnu99;
				GCC_WARN_64_TO_32_BIT_CONVERSION = YES;
				GCC_WARN_ABOUT_RETURN_TYPE = YES_ERROR;
				GCC_WARN_UNDECLARED_SELECTOR = YES;
				GCC_WARN_UNINITIALIZED_AUTOS = YES_AGGRESSIVE;
				GCC_WARN_UNUSED_FUNCTION = YES;
				GCC_WARN_UNUSED_VARIABLE = YES;
				IPHONEOS_DEPLOYMENT_TARGET = 8.1;
				MTL_ENABLE_DEBUG_INFO = NO;
				SDKROOT = iphoneos;
				VALIDATE_PRODUCT = YES;
			};
			name = Release;
		};
		6390A1B31AA7818C00DD68FE /* Debug */ = {
			isa = XCBuildConfiguration;
			buildSettings = {
				ASSETCATALOG_COMPILER_APPICON_NAME = AppIcon;
				INFOPLIST_FILE = "Pitch-Perfect/Info.plist";
				LD_RUNPATH_SEARCH_PATHS = "$(inherited) @executable_path/Frameworks";
				PRODUCT_NAME = "$(TARGET_NAME)";
			};
			name = Debug;
		};
		6390A1B41AA7818C00DD68FE /* Release */ = {
			isa = XCBuildConfiguration;
			buildSettings = {
				ASSETCATALOG_COMPILER_APPICON_NAME = AppIcon;
				INFOPLIST_FILE = "Pitch-Perfect/Info.plist";
				LD_RUNPATH_SEARCH_PATHS = "$(inherited) @executable_path/Frameworks";
				PRODUCT_NAME = "$(TARGET_NAME)";
			};
			name = Release;
		};
		6390A1B61AA7818C00DD68FE /* Debug */ = {
			isa = XCBuildConfiguration;
			buildSettings = {
				BUNDLE_LOADER = "$(TEST_HOST)";
				FRAMEWORK_SEARCH_PATHS = (
					"$(SDKROOT)/Developer/Library/Frameworks",
					"$(inherited)",
				);
				GCC_PREPROCESSOR_DEFINITIONS = (
					"DEBUG=1",
					"$(inherited)",
				);
				INFOPLIST_FILE = "Pitch-PerfectTests/Info.plist";
				LD_RUNPATH_SEARCH_PATHS = "$(inherited) @executable_path/Frameworks @loader_path/Frameworks";
				PRODUCT_NAME = "$(TARGET_NAME)";
				TEST_HOST = "$(BUILT_PRODUCTS_DIR)/Pitch-Perfect.app/Pitch-Perfect";
			};
			name = Debug;
		};
		6390A1B71AA7818C00DD68FE /* Release */ = {
			isa = XCBuildConfiguration;
			buildSettings = {
				BUNDLE_LOADER = "$(TEST_HOST)";
				FRAMEWORK_SEARCH_PATHS = (
					"$(SDKROOT)/Developer/Library/Frameworks",
					"$(inherited)",
				);
				INFOPLIST_FILE = "Pitch-PerfectTests/Info.plist";
				LD_RUNPATH_SEARCH_PATHS = "$(inherited) @executable_path/Frameworks @loader_path/Frameworks";
				PRODUCT_NAME = "$(TARGET_NAME)";
				TEST_HOST = "$(BUILT_PRODUCTS_DIR)/Pitch-Perfect.app/Pitch-Perfect";
			};
			name = Release;
		};
/* End XCBuildConfiguration section */

/* Begin XCConfigurationList section */
		6390A18E1AA7818C00DD68FE /* Build configuration list for PBXProject "Pitch-Perfect" */ = {
			isa = XCConfigurationList;
			buildConfigurations = (
				6390A1B01AA7818C00DD68FE /* Debug */,
				6390A1B11AA7818C00DD68FE /* Release */,
			);
			defaultConfigurationIsVisible = 0;
			defaultConfigurationName = Release;
		};
		6390A1B21AA7818C00DD68FE /* Build configuration list for PBXNativeTarget "Pitch-Perfect" */ = {
			isa = XCConfigurationList;
			buildConfigurations = (
				6390A1B31AA7818C00DD68FE /* Debug */,
				6390A1B41AA7818C00DD68FE /* Release */,
			);
			defaultConfigurationIsVisible = 0;
			defaultConfigurationName = Release;
		};
		6390A1B51AA7818C00DD68FE /* Build configuration list for PBXNativeTarget "Pitch-PerfectTests" */ = {
			isa = XCConfigurationList;
			buildConfigurations = (
				6390A1B61AA7818C00DD68FE /* Debug */,
				6390A1B71AA7818C00DD68FE /* Release */,
			);
			defaultConfigurationIsVisible = 0;
			defaultConfigurationName = Release;
		};
/* End XCConfigurationList section */
	};
	rootObject = 6390A18B1AA7818C00DD68FE /* Project object */;
}
